
Microsoft Visual Studio Solution File, Format Version 12.00
# Visual Studio Version 16
VisualStudioVersion = 16.0.29613.14
MinimumVisualStudioVersion = 10.0.40219.1
Project("{FAE04EC0-301F-11D3-BF4B-00C04F79EFBC}") = "WebApplication10", "WebApplication10\WebApplication10.csproj", "{13DB307A-BD6B-407B-8886-35EEDA0D36B8}"
EndProject
Global
	GlobalSection(SolutionConfigurationPlatforms) = preSolution
		Debug|Any CPU = Debug|Any CPU
		Release|Any CPU = Release|Any CPU
	EndGlobalSection
	GlobalSection(ProjectConfigurationPlatforms) = postSolution
		{13DB307A-BD6B-407B-8886-35EEDA0D36B8}.Debug|Any CPU.ActiveCfg = Debug|Any CPU
		{13DB307A-BD6B-407B-8886-35EEDA0D36B8}.Debug|Any CPU.Build.0 = Debug|Any CPU
		{13DB307A-BD6B-407B-8886-35EEDA0D36B8}.Release|Any CPU.ActiveCfg = Release|Any CPU
		{13DB307A-BD6B-407B-8886-35EEDA0D36B8}.Release|Any CPU.Build.0 = Release|Any CPU
	EndGlobalSection
	GlobalSection(SolutionProperties) = preSolution
		HideSolutionNode = FALSE
	EndGlobalSection
	GlobalSection(ExtensibilityGlobals) = postSolution
		SolutionGuid = {ECB30149-A04B-4258-AC1C-AD81247C47B2}
	EndGlobalSection
EndGlobal
